
Microsoft Visual Studio Solution File, Format Version 12.00
# Visual Studio Version 17
VisualStudioVersion = 17.6.33723.286
MinimumVisualStudioVersion = 10.0.40219.1
Project("{FAE04EC0-301F-11D3-BF4B-00C04F79EFBC}") = "EjercicioIntegrador2_YouTify", "EjercicioIntegrador2_Spotify2YouTube\EjercicioIntegrador2_YouTify.csproj", "{FCED474B-DA88-4ADC-8D5B-BE3BBE5E15D7}"
EndProject
Global
	GlobalSection(SolutionConfigurationPlatforms) = preSolution
		Debug|Any CPU = Debug|Any CPU
		Release|Any CPU = Release|Any CPU
	EndGlobalSection
	GlobalSection(ProjectConfigurationPlatforms) = postSolution
		{FCED474B-DA88-4ADC-8D5B-BE3BBE5E15D7}.Debug|Any CPU.ActiveCfg = Debug|Any CPU
		{FCED474B-DA88-4ADC-8D5B-BE3BBE5E15D7}.Debug|Any CPU.Build.0 = Debug|Any CPU
		{FCED474B-DA88-4ADC-8D5B-BE3BBE5E15D7}.Release|Any CPU.ActiveCfg = Release|Any CPU
		{FCED474B-DA88-4ADC-8D5B-BE3BBE5E15D7}.Release|Any CPU.Build.0 = Release|Any CPU
	EndGlobalSection
	GlobalSection(SolutionProperties) = preSolution
		HideSolutionNode = FALSE
	EndGlobalSection
	GlobalSection(ExtensibilityGlobals) = postSolution
		SolutionGuid = {A9015BA6-D27B-4A2A-8571-B25F48AC2471}
	EndGlobalSection
EndGlobal
