
Microsoft Visual Studio Solution File, Format Version 12.00
# Visual Studio Version 17
VisualStudioVersion = 17.6.33723.286
MinimumVisualStudioVersion = 10.0.40219.1
Project("{9A19103F-16F7-4668-BE54-9A1E7A4F7556}") = "YouTify", "EjercicioIntegrador2_Spotify2YouTube\YouTify.csproj", "{FCED474B-DA88-4ADC-8D5B-BE3BBE5E15D7}"
EndProject
Project("{9A19103F-16F7-4668-BE54-9A1E7A4F7556}") = "Entities", "Entities\Entities.csproj", "{ABF21231-EB1B-4363-A20E-18939A8B9901}"
EndProject
Project("{FAE04EC0-301F-11D3-BF4B-00C04F79EFBC}") = "Tests", "Tests\Tests.csproj", "{B08F2D6B-20B9-418E-BD03-BC58306FAC8C}"
EndProject
Global
	GlobalSection(SolutionConfigurationPlatforms) = preSolution
		Debug|Any CPU = Debug|Any CPU
		Release|Any CPU = Release|Any CPU
	EndGlobalSection
	GlobalSection(ProjectConfigurationPlatforms) = postSolution
		{FCED474B-DA88-4ADC-8D5B-BE3BBE5E15D7}.Debug|Any CPU.ActiveCfg = Debug|Any CPU
		{FCED474B-DA88-4ADC-8D5B-BE3BBE5E15D7}.Debug|Any CPU.Build.0 = Debug|Any CPU
		{FCED474B-DA88-4ADC-8D5B-BE3BBE5E15D7}.Release|Any CPU.ActiveCfg = Release|Any CPU
		{FCED474B-DA88-4ADC-8D5B-BE3BBE5E15D7}.Release|Any CPU.Build.0 = Release|Any CPU
		{ABF21231-EB1B-4363-A20E-18939A8B9901}.Debug|Any CPU.ActiveCfg = Debug|Any CPU
		{ABF21231-EB1B-4363-A20E-18939A8B9901}.Debug|Any CPU.Build.0 = Debug|Any CPU
		{ABF21231-EB1B-4363-A20E-18939A8B9901}.Release|Any CPU.ActiveCfg = Release|Any CPU
		{ABF21231-EB1B-4363-A20E-18939A8B9901}.Release|Any CPU.Build.0 = Release|Any CPU
		{B08F2D6B-20B9-418E-BD03-BC58306FAC8C}.Debug|Any CPU.ActiveCfg = Debug|Any CPU
		{B08F2D6B-20B9-418E-BD03-BC58306FAC8C}.Debug|Any CPU.Build.0 = Debug|Any CPU
		{B08F2D6B-20B9-418E-BD03-BC58306FAC8C}.Release|Any CPU.ActiveCfg = Release|Any CPU
		{B08F2D6B-20B9-418E-BD03-BC58306FAC8C}.Release|Any CPU.Build.0 = Release|Any CPU
	EndGlobalSection
	GlobalSection(SolutionProperties) = preSolution
		HideSolutionNode = FALSE
	EndGlobalSection
	GlobalSection(ExtensibilityGlobals) = postSolution
		SolutionGuid = {A9015BA6-D27B-4A2A-8571-B25F48AC2471}
	EndGlobalSection
EndGlobal
